
Microsoft Visual Studio Solution File, Format Version 12.00
Project("{FAE04EC0-301F-11D3-BF4B-00C04F79EFBC}") = "MyFirstWebSite", "MyFirstWebSite\MyFirstWebSite.csproj", "{EDED080F-2BD6-46B7-A268-95A77ACC00C0}"
EndProject
Global
	GlobalSection(SolutionConfigurationPlatforms) = preSolution
		Debug|Any CPU = Debug|Any CPU
		Release|Any CPU = Release|Any CPU
	EndGlobalSection
	GlobalSection(ProjectConfigurationPlatforms) = postSolution
		{EDED080F-2BD6-46B7-A268-95A77ACC00C0}.Debug|Any CPU.ActiveCfg = Debug|Any CPU
		{EDED080F-2BD6-46B7-A268-95A77ACC00C0}.Debug|Any CPU.Build.0 = Debug|Any CPU
		{EDED080F-2BD6-46B7-A268-95A77ACC00C0}.Release|Any CPU.ActiveCfg = Release|Any CPU
		{EDED080F-2BD6-46B7-A268-95A77ACC00C0}.Release|Any CPU.Build.0 = Release|Any CPU
	EndGlobalSection
EndGlobal
